// !$*UTF8*$!
{
	archiveVersion = 1;
	classes = {
	};
	objectVersion = 51;
	objects = {

/* Begin PBXBuildFile section */
		47141C302530EC4B00F8366D /* PaymentQRCodeController.swift in Sources */ = {isa = PBXBuildFile; fileRef = 47141C2B2530EC4B00F8366D /* PaymentQRCodeController.swift */; };
		47141C312530EC4B00F8366D /* ConsultPaymentsController.swift in Sources */ = {isa = PBXBuildFile; fileRef = 47141C2C2530EC4B00F8366D /* ConsultPaymentsController.swift */; };
		47141C322530EC4B00F8366D /* ListPaymentsCell.swift in Sources */ = {isa = PBXBuildFile; fileRef = 47141C2D2530EC4B00F8366D /* ListPaymentsCell.swift */; };
		47141C332530EC4B00F8366D /* ListPaymentController.swift in Sources */ = {isa = PBXBuildFile; fileRef = 47141C2E2530EC4B00F8366D /* ListPaymentController.swift */; };
		47141C342530EC4B00F8366D /* PaymentDetailsController.swift in Sources */ = {isa = PBXBuildFile; fileRef = 47141C2F2530EC4B00F8366D /* PaymentDetailsController.swift */; };
		471DEE122540E34F00ABA5E9 /* GoogleService-Info.plist in Resources */ = {isa = PBXBuildFile; fileRef = 471DEE112540E34F00ABA5E9 /* GoogleService-Info.plist */; };
		59CB1C73AA7B2C1DDCABB66A /* Pods_appdemo.framework in Frameworks */ = {isa = PBXBuildFile; fileRef = B070C5BAA3362641D84BD1B0 /* Pods_appdemo.framework */; };
		5E0212E624EC295200751BE3 /* ListCardsController.swift in Sources */ = {isa = PBXBuildFile; fileRef = 5E0212E524EC295200751BE3 /* ListCardsController.swift */; };
		5E0292B924E2F07C00921A33 /* CardholderMenuController.swift in Sources */ = {isa = PBXBuildFile; fileRef = 5E0292B824E2F07C00921A33 /* CardholderMenuController.swift */; };
		5E032A8624ED5E270017294B /* ListCardsCell.swift in Sources */ = {isa = PBXBuildFile; fileRef = 5E032A8524ED5E270017294B /* ListCardsCell.swift */; };
		5E032A8D24EDC5D50017294B /* CardDetailsController.swift in Sources */ = {isa = PBXBuildFile; fileRef = 5E032A8C24EDC5D50017294B /* CardDetailsController.swift */; };
		5E31B1AF24E6BED30035CE6B /* CardMenuController.swift in Sources */ = {isa = PBXBuildFile; fileRef = 5E31B1AE24E6BED30035CE6B /* CardMenuController.swift */; };
		5E31B1B124E6BEE40035CE6B /* PaymentMenuController.swift in Sources */ = {isa = PBXBuildFile; fileRef = 5E31B1B024E6BEE40035CE6B /* PaymentMenuController.swift */; };
		5E76B97924E33550003F9EC4 /* CreateCardHolderController.swift in Sources */ = {isa = PBXBuildFile; fileRef = 5E76B97824E33550003F9EC4 /* CreateCardHolderController.swift */; };
		5E7DB7FA24F68EAF005C9EE6 /* ConfigController.swift in Sources */ = {isa = PBXBuildFile; fileRef = 5E7DB7F924F68EAF005C9EE6 /* ConfigController.swift */; };
		5E863627253DD31600E20DE2 /* ModalScreen.storyboard in Resources */ = {isa = PBXBuildFile; fileRef = 5E863626253DD31600E20DE2 /* ModalScreen.storyboard */; };
		5E86362A253DD32400E20DE2 /* Main.storyboard in Resources */ = {isa = PBXBuildFile; fileRef = 5E863628253DD32400E20DE2 /* Main.storyboard */; };
		5E8BEA7624E4232000DA5B45 /* Utils.swift in Sources */ = {isa = PBXBuildFile; fileRef = 5E8BEA7524E4232000DA5B45 /* Utils.swift */; };
		5E8BEA7824E4320000DA5B45 /* ConfirmCardholderController.swift in Sources */ = {isa = PBXBuildFile; fileRef = 5E8BEA7724E4320000DA5B45 /* ConfirmCardholderController.swift */; };
		5E8BEA7A24E4363900DA5B45 /* RecoverCardholderController.swift in Sources */ = {isa = PBXBuildFile; fileRef = 5E8BEA7924E4363900DA5B45 /* RecoverCardholderController.swift */; };
		5E8BEA7C24E436E800DA5B45 /* RemoveCardholderController.swift in Sources */ = {isa = PBXBuildFile; fileRef = 5E8BEA7B24E436E800DA5B45 /* RemoveCardholderController.swift */; };
		5E8BEA7E24E437B000DA5B45 /* ResendConfirmationCodeController.swift in Sources */ = {isa = PBXBuildFile; fileRef = 5E8BEA7D24E437B000DA5B45 /* ResendConfirmationCodeController.swift */; };
		5E8EA5E424E57A6100D459F0 /* SaveCardController.swift in Sources */ = {isa = PBXBuildFile; fileRef = 5E8EA5E324E57A6100D459F0 /* SaveCardController.swift */; };
		5E8EA5E624E57DC600D459F0 /* RemoveCardController.swift in Sources */ = {isa = PBXBuildFile; fileRef = 5E8EA5E524E57DC600D459F0 /* RemoveCardController.swift */; };
		5E8EA5E824E57DE800D459F0 /* SetPreferredCardController.swift in Sources */ = {isa = PBXBuildFile; fileRef = 5E8EA5E724E57DE800D459F0 /* SetPreferredCardController.swift */; };
		5E8EA5EA24E580C700D459F0 /* GetCardController.swift in Sources */ = {isa = PBXBuildFile; fileRef = 5E8EA5E924E580C700D459F0 /* GetCardController.swift */; };
		5E8EA5EC24E580D500D459F0 /* GetCardsController.swift in Sources */ = {isa = PBXBuildFile; fileRef = 5E8EA5EB24E580D500D459F0 /* GetCardsController.swift */; };
		5E8EA5EE24E580F800D459F0 /* DeactivateCardController.swift in Sources */ = {isa = PBXBuildFile; fileRef = 5E8EA5ED24E580F800D459F0 /* DeactivateCardController.swift */; };
		5E8EA5F024E5810900D459F0 /* ActivateCardController.swift in Sources */ = {isa = PBXBuildFile; fileRef = 5E8EA5EF24E5810900D459F0 /* ActivateCardController.swift */; };
		5E92289E24FE860E00385B59 /* QRCodeDetails.swift in Sources */ = {isa = PBXBuildFile; fileRef = 5E92289D24FE860E00385B59 /* QRCodeDetails.swift */; };
		5E99526624EAB4EA00EE5C5A /* SuccessAlertController.swift in Sources */ = {isa = PBXBuildFile; fileRef = 5E99526524EAB4EA00EE5C5A /* SuccessAlertController.swift */; };
		5E99526B24EAFB0300EE5C5A /* ErrorViewController.swift in Sources */ = {isa = PBXBuildFile; fileRef = 5E99526824EAFB0300EE5C5A /* ErrorViewController.swift */; };
		5E9F5305253E1EEE0051F485 /* QRScannerViewController.swift in Sources */ = {isa = PBXBuildFile; fileRef = 5E9F5304253E1EEE0051F485 /* QRScannerViewController.swift */; };
		5E9F530B253E1F950051F485 /* QRScannerView.swift in Sources */ = {isa = PBXBuildFile; fileRef = 5E9F5309253E1F950051F485 /* QRScannerView.swift */; };
		5E9F530C253E1F950051F485 /* QRData.swift in Sources */ = {isa = PBXBuildFile; fileRef = 5E9F530A253E1F950051F485 /* QRData.swift */; };
		5EA11FFD24F6E1BB001D6AA3 /* AppConfig.swift in Sources */ = {isa = PBXBuildFile; fileRef = 5EA11FFC24F6E1BB001D6AA3 /* AppConfig.swift */; };
		5EBA51CD24F83E8400154E79 /* ReadQRCodeController.swift in Sources */ = {isa = PBXBuildFile; fileRef = 5EBA51CC24F83E8400154E79 /* ReadQRCodeController.swift */; };
		5EDEDFC224C112F900987628 /* AppDelegate.swift in Sources */ = {isa = PBXBuildFile; fileRef = 5EDEDFC124C112F900987628 /* AppDelegate.swift */; };
		5EDEDFC424C112F900987628 /* ViewController.swift in Sources */ = {isa = PBXBuildFile; fileRef = 5EDEDFC324C112F900987628 /* ViewController.swift */; };
		5EDEDFC924C112FA00987628 /* Assets.xcassets in Resources */ = {isa = PBXBuildFile; fileRef = 5EDEDFC824C112FA00987628 /* Assets.xcassets */; };
		5EDEDFCC24C112FA00987628 /* LaunchScreen.storyboard in Resources */ = {isa = PBXBuildFile; fileRef = 5EDEDFCA24C112FA00987628 /* LaunchScreen.storyboard */; };
/* End PBXBuildFile section */

/* Begin PBXCopyFilesBuildPhase section */
		5E1640442518D9D300C341A7 /* Embed Frameworks */ = {
			isa = PBXCopyFilesBuildPhase;
			buildActionMask = 2147483647;
			dstPath = "";
			dstSubfolderSpec = 10;
			files = (
			);
			name = "Embed Frameworks";
			runOnlyForDeploymentPostprocessing = 0;
		};
/* End PBXCopyFilesBuildPhase section */

/* Begin PBXFileReference section */
		47141C2B2530EC4B00F8366D /* PaymentQRCodeController.swift */ = {isa = PBXFileReference; fileEncoding = 4; lastKnownFileType = sourcecode.swift; path = PaymentQRCodeController.swift; sourceTree = "<group>"; };
		47141C2C2530EC4B00F8366D /* ConsultPaymentsController.swift */ = {isa = PBXFileReference; fileEncoding = 4; lastKnownFileType = sourcecode.swift; path = ConsultPaymentsController.swift; sourceTree = "<group>"; };
		47141C2D2530EC4B00F8366D /* ListPaymentsCell.swift */ = {isa = PBXFileReference; fileEncoding = 4; lastKnownFileType = sourcecode.swift; path = ListPaymentsCell.swift; sourceTree = "<group>"; };
		47141C2E2530EC4B00F8366D /* ListPaymentController.swift */ = {isa = PBXFileReference; fileEncoding = 4; lastKnownFileType = sourcecode.swift; path = ListPaymentController.swift; sourceTree = "<group>"; };
		47141C2F2530EC4B00F8366D /* PaymentDetailsController.swift */ = {isa = PBXFileReference; fileEncoding = 4; lastKnownFileType = sourcecode.swift; path = PaymentDetailsController.swift; sourceTree = "<group>"; };
		471DEE112540E34F00ABA5E9 /* GoogleService-Info.plist */ = {isa = PBXFileReference; fileEncoding = 4; lastKnownFileType = text.plist.xml; path = "GoogleService-Info.plist"; sourceTree = "<group>"; };
		53694D908BFC240628DF9D7C /* Pods-appdemo.debug.xcconfig */ = {isa = PBXFileReference; includeInIndex = 1; lastKnownFileType = text.xcconfig; name = "Pods-appdemo.debug.xcconfig"; path = "Target Support Files/Pods-appdemo/Pods-appdemo.debug.xcconfig"; sourceTree = "<group>"; };
		5E0212E524EC295200751BE3 /* ListCardsController.swift */ = {isa = PBXFileReference; lastKnownFileType = sourcecode.swift; path = ListCardsController.swift; sourceTree = "<group>"; };
		5E0292B824E2F07C00921A33 /* CardholderMenuController.swift */ = {isa = PBXFileReference; lastKnownFileType = sourcecode.swift; path = CardholderMenuController.swift; sourceTree = "<group>"; };
		5E032A8524ED5E270017294B /* ListCardsCell.swift */ = {isa = PBXFileReference; lastKnownFileType = sourcecode.swift; path = ListCardsCell.swift; sourceTree = "<group>"; };
		5E032A8C24EDC5D50017294B /* CardDetailsController.swift */ = {isa = PBXFileReference; lastKnownFileType = sourcecode.swift; path = CardDetailsController.swift; sourceTree = "<group>"; };
		5E066C7224FE891F003D6FDB /* appdemowalletios.entitlements */ = {isa = PBXFileReference; lastKnownFileType = text.plist.entitlements; path = appdemowalletios.entitlements; sourceTree = "<group>"; };
		5E31B1AE24E6BED30035CE6B /* CardMenuController.swift */ = {isa = PBXFileReference; lastKnownFileType = sourcecode.swift; path = CardMenuController.swift; sourceTree = "<group>"; };
		5E31B1B024E6BEE40035CE6B /* PaymentMenuController.swift */ = {isa = PBXFileReference; lastKnownFileType = sourcecode.swift; path = PaymentMenuController.swift; sourceTree = "<group>"; };
		5E76B97824E33550003F9EC4 /* CreateCardHolderController.swift */ = {isa = PBXFileReference; lastKnownFileType = sourcecode.swift; path = CreateCardHolderController.swift; sourceTree = "<group>"; };
		5E7DB7F924F68EAF005C9EE6 /* ConfigController.swift */ = {isa = PBXFileReference; lastKnownFileType = sourcecode.swift; path = ConfigController.swift; sourceTree = "<group>"; };
		5E863626253DD31600E20DE2 /* ModalScreen.storyboard */ = {isa = PBXFileReference; fileEncoding = 4; lastKnownFileType = file.storyboard; path = ModalScreen.storyboard; sourceTree = "<group>"; };
		5E863629253DD32400E20DE2 /* Base */ = {isa = PBXFileReference; lastKnownFileType = file.storyboard; name = Base; path = Base.lproj/Main.storyboard; sourceTree = "<group>"; };
		5E8BEA7524E4232000DA5B45 /* Utils.swift */ = {isa = PBXFileReference; lastKnownFileType = sourcecode.swift; path = Utils.swift; sourceTree = "<group>"; };
		5E8BEA7724E4320000DA5B45 /* ConfirmCardholderController.swift */ = {isa = PBXFileReference; lastKnownFileType = sourcecode.swift; path = ConfirmCardholderController.swift; sourceTree = "<group>"; };
		5E8BEA7924E4363900DA5B45 /* RecoverCardholderController.swift */ = {isa = PBXFileReference; lastKnownFileType = sourcecode.swift; path = RecoverCardholderController.swift; sourceTree = "<group>"; };
		5E8BEA7B24E436E800DA5B45 /* RemoveCardholderController.swift */ = {isa = PBXFileReference; lastKnownFileType = sourcecode.swift; path = RemoveCardholderController.swift; sourceTree = "<group>"; };
		5E8BEA7D24E437B000DA5B45 /* ResendConfirmationCodeController.swift */ = {isa = PBXFileReference; lastKnownFileType = sourcecode.swift; path = ResendConfirmationCodeController.swift; sourceTree = "<group>"; };
		5E8EA5E324E57A6100D459F0 /* SaveCardController.swift */ = {isa = PBXFileReference; lastKnownFileType = sourcecode.swift; path = SaveCardController.swift; sourceTree = "<group>"; };
		5E8EA5E524E57DC600D459F0 /* RemoveCardController.swift */ = {isa = PBXFileReference; lastKnownFileType = sourcecode.swift; path = RemoveCardController.swift; sourceTree = "<group>"; };
		5E8EA5E724E57DE800D459F0 /* SetPreferredCardController.swift */ = {isa = PBXFileReference; lastKnownFileType = sourcecode.swift; path = SetPreferredCardController.swift; sourceTree = "<group>"; };
		5E8EA5E924E580C700D459F0 /* GetCardController.swift */ = {isa = PBXFileReference; lastKnownFileType = sourcecode.swift; path = GetCardController.swift; sourceTree = "<group>"; };
		5E8EA5EB24E580D500D459F0 /* GetCardsController.swift */ = {isa = PBXFileReference; lastKnownFileType = sourcecode.swift; path = GetCardsController.swift; sourceTree = "<group>"; };
		5E8EA5ED24E580F800D459F0 /* DeactivateCardController.swift */ = {isa = PBXFileReference; lastKnownFileType = sourcecode.swift; path = DeactivateCardController.swift; sourceTree = "<group>"; };
		5E8EA5EF24E5810900D459F0 /* ActivateCardController.swift */ = {isa = PBXFileReference; lastKnownFileType = sourcecode.swift; path = ActivateCardController.swift; sourceTree = "<group>"; };
		5E92289D24FE860E00385B59 /* QRCodeDetails.swift */ = {isa = PBXFileReference; fileEncoding = 4; lastKnownFileType = sourcecode.swift; path = QRCodeDetails.swift; sourceTree = "<group>"; };
		5E99526524EAB4EA00EE5C5A /* SuccessAlertController.swift */ = {isa = PBXFileReference; lastKnownFileType = sourcecode.swift; path = SuccessAlertController.swift; sourceTree = "<group>"; };
		5E99526824EAFB0300EE5C5A /* ErrorViewController.swift */ = {isa = PBXFileReference; fileEncoding = 4; lastKnownFileType = sourcecode.swift; path = ErrorViewController.swift; sourceTree = "<group>"; };
		5E9F5304253E1EEE0051F485 /* QRScannerViewController.swift */ = {isa = PBXFileReference; fileEncoding = 4; lastKnownFileType = sourcecode.swift; path = QRScannerViewController.swift; sourceTree = "<group>"; };
		5E9F5309253E1F950051F485 /* QRScannerView.swift */ = {isa = PBXFileReference; fileEncoding = 4; lastKnownFileType = sourcecode.swift; path = QRScannerView.swift; sourceTree = "<group>"; };
		5E9F530A253E1F950051F485 /* QRData.swift */ = {isa = PBXFileReference; fileEncoding = 4; lastKnownFileType = sourcecode.swift; path = QRData.swift; sourceTree = "<group>"; };
		5EA11FFC24F6E1BB001D6AA3 /* AppConfig.swift */ = {isa = PBXFileReference; lastKnownFileType = sourcecode.swift; path = AppConfig.swift; sourceTree = "<group>"; };
		5EBA51CC24F83E8400154E79 /* ReadQRCodeController.swift */ = {isa = PBXFileReference; lastKnownFileType = sourcecode.swift; path = ReadQRCodeController.swift; sourceTree = "<group>"; };
		5EDEDFBE24C112F900987628 /* appdemowalletios.app */ = {isa = PBXFileReference; explicitFileType = wrapper.application; includeInIndex = 0; path = appdemowalletios.app; sourceTree = BUILT_PRODUCTS_DIR; };
		5EDEDFC124C112F900987628 /* AppDelegate.swift */ = {isa = PBXFileReference; lastKnownFileType = sourcecode.swift; path = AppDelegate.swift; sourceTree = "<group>"; };
		5EDEDFC324C112F900987628 /* ViewController.swift */ = {isa = PBXFileReference; lastKnownFileType = sourcecode.swift; path = ViewController.swift; sourceTree = "<group>"; };
		5EDEDFC824C112FA00987628 /* Assets.xcassets */ = {isa = PBXFileReference; lastKnownFileType = folder.assetcatalog; path = Assets.xcassets; sourceTree = "<group>"; };
		5EDEDFCB24C112FA00987628 /* Base */ = {isa = PBXFileReference; lastKnownFileType = file.storyboard; name = Base; path = Base.lproj/LaunchScreen.storyboard; sourceTree = "<group>"; };
		5EDEDFCD24C112FA00987628 /* Info.plist */ = {isa = PBXFileReference; lastKnownFileType = text.plist.xml; path = Info.plist; sourceTree = "<group>"; };
		5F8CB60813666B15044B9FE2 /* Pods-appdemo.release.xcconfig */ = {isa = PBXFileReference; includeInIndex = 1; lastKnownFileType = text.xcconfig; name = "Pods-appdemo.release.xcconfig"; path = "Target Support Files/Pods-appdemo/Pods-appdemo.release.xcconfig"; sourceTree = "<group>"; };
		B070C5BAA3362641D84BD1B0 /* Pods_appdemo.framework */ = {isa = PBXFileReference; explicitFileType = wrapper.framework; includeInIndex = 0; path = Pods_appdemo.framework; sourceTree = BUILT_PRODUCTS_DIR; };
/* End PBXFileReference section */

/* Begin PBXFrameworksBuildPhase section */
		5EDEDFBB24C112F900987628 /* Frameworks */ = {
			isa = PBXFrameworksBuildPhase;
			buildActionMask = 2147483647;
			files = (
				59CB1C73AA7B2C1DDCABB66A /* Pods_appdemo.framework in Frameworks */,
			);
			runOnlyForDeploymentPostprocessing = 0;
		};
/* End PBXFrameworksBuildPhase section */

/* Begin PBXGroup section */
		5E032A8724EDB51F0017294B /* Cardholders */ = {
			isa = PBXGroup;
			children = (
				5E0292B824E2F07C00921A33 /* CardholderMenuController.swift */,
				5E76B97824E33550003F9EC4 /* CreateCardHolderController.swift */,
				5E8BEA7924E4363900DA5B45 /* RecoverCardholderController.swift */,
				5E8BEA7724E4320000DA5B45 /* ConfirmCardholderController.swift */,
				5E8BEA7B24E436E800DA5B45 /* RemoveCardholderController.swift */,
				5E8BEA7D24E437B000DA5B45 /* ResendConfirmationCodeController.swift */,
			);
			path = Cardholders;
			sourceTree = "<group>";
		};
		5E032A8824EDB5500017294B /* Cards */ = {
			isa = PBXGroup;
			children = (
				5E31B1AE24E6BED30035CE6B /* CardMenuController.swift */,
				5E8EA5E324E57A6100D459F0 /* SaveCardController.swift */,
				5E8EA5E524E57DC600D459F0 /* RemoveCardController.swift */,
				5E8EA5E724E57DE800D459F0 /* SetPreferredCardController.swift */,
				5E8EA5E924E580C700D459F0 /* GetCardController.swift */,
				5E8EA5EB24E580D500D459F0 /* GetCardsController.swift */,
				5E8EA5ED24E580F800D459F0 /* DeactivateCardController.swift */,
				5E8EA5EF24E5810900D459F0 /* ActivateCardController.swift */,
				5E0212E524EC295200751BE3 /* ListCardsController.swift */,
				5E032A8C24EDC5D50017294B /* CardDetailsController.swift */,
				5E032A8524ED5E270017294B /* ListCardsCell.swift */,
			);
			path = Cards;
			sourceTree = "<group>";
		};
		5E032A8924EDB58A0017294B /* Payments */ = {
			isa = PBXGroup;
			children = (
				5E9F5306253E1F320051F485 /* QRCode */,
				47141C2C2530EC4B00F8366D /* ConsultPaymentsController.swift */,
				47141C2E2530EC4B00F8366D /* ListPaymentController.swift */,
				47141C2D2530EC4B00F8366D /* ListPaymentsCell.swift */,
				47141C2F2530EC4B00F8366D /* PaymentDetailsController.swift */,
				47141C2B2530EC4B00F8366D /* PaymentQRCodeController.swift */,
				5E31B1B024E6BEE40035CE6B /* PaymentMenuController.swift */,
				5EBA51CC24F83E8400154E79 /* ReadQRCodeController.swift */,
				5E92289D24FE860E00385B59 /* QRCodeDetails.swift */,
			);
			path = Payments;
			sourceTree = "<group>";
		};
		5E76B97724E33197003F9EC4 /* ViewControllers */ = {
			isa = PBXGroup;
			children = (
				5E032A8924EDB58A0017294B /* Payments */,
				5E032A8824EDB5500017294B /* Cards */,
				5E032A8724EDB51F0017294B /* Cardholders */,
				5E99526824EAFB0300EE5C5A /* ErrorViewController.swift */,
				5E99526524EAB4EA00EE5C5A /* SuccessAlertController.swift */,
				5E7DB7F924F68EAF005C9EE6 /* ConfigController.swift */,
			);
			path = ViewControllers;
			sourceTree = "<group>";
		};
		5E9F5306253E1F320051F485 /* QRCode */ = {
			isa = PBXGroup;
			children = (
				5E9F530A253E1F950051F485 /* QRData.swift */,
				5E9F5309253E1F950051F485 /* QRScannerView.swift */,
				5E9F5304253E1EEE0051F485 /* QRScannerViewController.swift */,
			);
			path = QRCode;
			sourceTree = "<group>";
		};
		5EDEDFB524C112F900987628 = {
			isa = PBXGroup;
			children = (
				5EDEDFC024C112F900987628 /* appdemo */,
				5EDEDFBF24C112F900987628 /* Products */,
				FBE34C387EE35752A23D33CF /* Pods */,
				69316D3F3D5758B8C2F437AD /* Frameworks */,
			);
			sourceTree = "<group>";
		};
		5EDEDFBF24C112F900987628 /* Products */ = {
			isa = PBXGroup;
			children = (
				5EDEDFBE24C112F900987628 /* appdemowalletios.app */,
			);
			name = Products;
			sourceTree = "<group>";
		};
		5EDEDFC024C112F900987628 /* appdemo */ = {
			isa = PBXGroup;
			children = (
				5E066C7224FE891F003D6FDB /* appdemowalletios.entitlements */,
				5E76B97724E33197003F9EC4 /* ViewControllers */,
				5EDEDFC124C112F900987628 /* AppDelegate.swift */,
				5EDEDFC324C112F900987628 /* ViewController.swift */,
				5E8BEA7524E4232000DA5B45 /* Utils.swift */,
				5EA11FFC24F6E1BB001D6AA3 /* AppConfig.swift */,
				5E863628253DD32400E20DE2 /* Main.storyboard */,
				5E863626253DD31600E20DE2 /* ModalScreen.storyboard */,
				5EDEDFC824C112FA00987628 /* Assets.xcassets */,
				5EDEDFCA24C112FA00987628 /* LaunchScreen.storyboard */,
				471DEE112540E34F00ABA5E9 /* GoogleService-Info.plist */,
				5EDEDFCD24C112FA00987628 /* Info.plist */,
			);
			path = appdemo;
			sourceTree = "<group>";
		};
		69316D3F3D5758B8C2F437AD /* Frameworks */ = {
			isa = PBXGroup;
			children = (
				B070C5BAA3362641D84BD1B0 /* Pods_appdemo.framework */,
			);
			name = Frameworks;
			sourceTree = "<group>";
		};
		FBE34C387EE35752A23D33CF /* Pods */ = {
			isa = PBXGroup;
			children = (
				53694D908BFC240628DF9D7C /* Pods-appdemo.debug.xcconfig */,
				5F8CB60813666B15044B9FE2 /* Pods-appdemo.release.xcconfig */,
			);
			path = Pods;
			sourceTree = "<group>";
		};
/* End PBXGroup section */

/* Begin PBXNativeTarget section */
		5EDEDFBD24C112F900987628 /* appdemo */ = {
			isa = PBXNativeTarget;
			buildConfigurationList = 5EDEDFD024C112FA00987628 /* Build configuration list for PBXNativeTarget "appdemo" */;
			buildPhases = (
				809B93B8B80A88821455F8E4 /* [CP] Check Pods Manifest.lock */,
				5EDEDFBA24C112F900987628 /* Sources */,
				5EDEDFBB24C112F900987628 /* Frameworks */,
				5EDEDFBC24C112F900987628 /* Resources */,
				5E1640442518D9D300C341A7 /* Embed Frameworks */,
				70219D13CA2EB07E1BF4CDDF /* [CP] Embed Pods Frameworks */,
			);
			buildRules = (
			);
			dependencies = (
			);
			name = appdemo;
			productName = appdemo;
			productReference = 5EDEDFBE24C112F900987628 /* appdemowalletios.app */;
			productType = "com.apple.product-type.application";
		};
/* End PBXNativeTarget section */

/* Begin PBXProject section */
		5EDEDFB624C112F900987628 /* Project object */ = {
			isa = PBXProject;
			attributes = {
				LastSwiftUpdateCheck = 1010;
				LastUpgradeCheck = 1010;
				ORGANIZATIONNAME = "Phoebus Tecnologia";
				TargetAttributes = {
					5EDEDFBD24C112F900987628 = {
						CreatedOnToolsVersion = 10.1;
						SystemCapabilities = {
							com.apple.Push = {
								enabled = 1;
							};
						};
					};
				};
			};
			buildConfigurationList = 5EDEDFB924C112F900987628 /* Build configuration list for PBXProject "appdemo" */;
			compatibilityVersion = "Xcode 10.0";
			developmentRegion = en;
			hasScannedForEncodings = 0;
			knownRegions = (
				en,
				Base,
			);
			mainGroup = 5EDEDFB524C112F900987628;
			productRefGroup = 5EDEDFBF24C112F900987628 /* Products */;
			projectDirPath = "";
			projectRoot = "";
			targets = (
				5EDEDFBD24C112F900987628 /* appdemo */,
			);
		};
/* End PBXProject section */

/* Begin PBXResourcesBuildPhase section */
		5EDEDFBC24C112F900987628 /* Resources */ = {
			isa = PBXResourcesBuildPhase;
			buildActionMask = 2147483647;
			files = (
				5EDEDFCC24C112FA00987628 /* LaunchScreen.storyboard in Resources */,
				5E86362A253DD32400E20DE2 /* Main.storyboard in Resources */,
				471DEE122540E34F00ABA5E9 /* GoogleService-Info.plist in Resources */,
				5EDEDFC924C112FA00987628 /* Assets.xcassets in Resources */,
				5E863627253DD31600E20DE2 /* ModalScreen.storyboard in Resources */,
			);
			runOnlyForDeploymentPostprocessing = 0;
		};
/* End PBXResourcesBuildPhase section */

/* Begin PBXShellScriptBuildPhase section */
		70219D13CA2EB07E1BF4CDDF /* [CP] Embed Pods Frameworks */ = {
			isa = PBXShellScriptBuildPhase;
			buildActionMask = 2147483647;
			files = (
			);
			inputFileListPaths = (
				"${PODS_ROOT}/Target Support Files/Pods-appdemo/Pods-appdemo-frameworks-${CONFIGURATION}-input-files.xcfilelist",
			);
			name = "[CP] Embed Pods Frameworks";
			outputFileListPaths = (
				"${PODS_ROOT}/Target Support Files/Pods-appdemo/Pods-appdemo-frameworks-${CONFIGURATION}-output-files.xcfilelist",
			);
			runOnlyForDeploymentPostprocessing = 0;
			shellPath = /bin/sh;
			shellScript = "\"${PODS_ROOT}/Target Support Files/Pods-appdemo/Pods-appdemo-frameworks.sh\"\n";
			showEnvVarsInLog = 0;
		};
		809B93B8B80A88821455F8E4 /* [CP] Check Pods Manifest.lock */ = {
			isa = PBXShellScriptBuildPhase;
			buildActionMask = 2147483647;
			files = (
			);
			inputFileListPaths = (
			);
			inputPaths = (
				"${PODS_PODFILE_DIR_PATH}/Podfile.lock",
				"${PODS_ROOT}/Manifest.lock",
			);
			name = "[CP] Check Pods Manifest.lock";
			outputFileListPaths = (
			);
			outputPaths = (
				"$(DERIVED_FILE_DIR)/Pods-appdemo-checkManifestLockResult.txt",
			);
			runOnlyForDeploymentPostprocessing = 0;
			shellPath = /bin/sh;
			shellScript = "diff \"${PODS_PODFILE_DIR_PATH}/Podfile.lock\" \"${PODS_ROOT}/Manifest.lock\" > /dev/null\nif [ $? != 0 ] ; then\n    # print error to STDERR\n    echo \"error: The sandbox is not in sync with the Podfile.lock. Run 'pod install' or update your CocoaPods installation.\" >&2\n    exit 1\nfi\n# This output is used by Xcode 'outputs' to avoid re-running this script phase.\necho \"SUCCESS\" > \"${SCRIPT_OUTPUT_FILE_0}\"\n";
			showEnvVarsInLog = 0;
		};
/* End PBXShellScriptBuildPhase section */

/* Begin PBXSourcesBuildPhase section */
		5EDEDFBA24C112F900987628 /* Sources */ = {
			isa = PBXSourcesBuildPhase;
			buildActionMask = 2147483647;
			files = (
				5E8EA5EC24E580D500D459F0 /* GetCardsController.swift in Sources */,
				47141C342530EC4B00F8366D /* PaymentDetailsController.swift in Sources */,
				5EA11FFD24F6E1BB001D6AA3 /* AppConfig.swift in Sources */,
				5E8EA5E824E57DE800D459F0 /* SetPreferredCardController.swift in Sources */,
				5E9F530C253E1F950051F485 /* QRData.swift in Sources */,
				5EBA51CD24F83E8400154E79 /* ReadQRCodeController.swift in Sources */,
				5E8BEA7E24E437B000DA5B45 /* ResendConfirmationCodeController.swift in Sources */,
				5E99526B24EAFB0300EE5C5A /* ErrorViewController.swift in Sources */,
				5E8BEA7624E4232000DA5B45 /* Utils.swift in Sources */,
				5E032A8624ED5E270017294B /* ListCardsCell.swift in Sources */,
				5E0212E624EC295200751BE3 /* ListCardsController.swift in Sources */,
				5EDEDFC424C112F900987628 /* ViewController.swift in Sources */,
				47141C312530EC4B00F8366D /* ConsultPaymentsController.swift in Sources */,
				5E31B1AF24E6BED30035CE6B /* CardMenuController.swift in Sources */,
				47141C322530EC4B00F8366D /* ListPaymentsCell.swift in Sources */,
				5E032A8D24EDC5D50017294B /* CardDetailsController.swift in Sources */,
				47141C302530EC4B00F8366D /* PaymentQRCodeController.swift in Sources */,
				5E9F530B253E1F950051F485 /* QRScannerView.swift in Sources */,
				5E8BEA7C24E436E800DA5B45 /* RemoveCardholderController.swift in Sources */,
				5E92289E24FE860E00385B59 /* QRCodeDetails.swift in Sources */,
				5E99526624EAB4EA00EE5C5A /* SuccessAlertController.swift in Sources */,
				5E8EA5F024E5810900D459F0 /* ActivateCardController.swift in Sources */,
				5E8EA5EA24E580C700D459F0 /* GetCardController.swift in Sources */,
				5E31B1B124E6BEE40035CE6B /* PaymentMenuController.swift in Sources */,
				5E8EA5E624E57DC600D459F0 /* RemoveCardController.swift in Sources */,
				5E9F5305253E1EEE0051F485 /* QRScannerViewController.swift in Sources */,
				5E0292B924E2F07C00921A33 /* CardholderMenuController.swift in Sources */,
				5E8BEA7A24E4363900DA5B45 /* RecoverCardholderController.swift in Sources */,
				5E8EA5EE24E580F800D459F0 /* DeactivateCardController.swift in Sources */,
				5E7DB7FA24F68EAF005C9EE6 /* ConfigController.swift in Sources */,
				5E8EA5E424E57A6100D459F0 /* SaveCardController.swift in Sources */,
				5E76B97924E33550003F9EC4 /* CreateCardHolderController.swift in Sources */,
				5E8BEA7824E4320000DA5B45 /* ConfirmCardholderController.swift in Sources */,
				47141C332530EC4B00F8366D /* ListPaymentController.swift in Sources */,
				5EDEDFC224C112F900987628 /* AppDelegate.swift in Sources */,
			);
			runOnlyForDeploymentPostprocessing = 0;
		};
/* End PBXSourcesBuildPhase section */

/* Begin PBXVariantGroup section */
		5E863628253DD32400E20DE2 /* Main.storyboard */ = {
			isa = PBXVariantGroup;
			children = (
				5E863629253DD32400E20DE2 /* Base */,
			);
			name = Main.storyboard;
			sourceTree = "<group>";
		};
		5EDEDFCA24C112FA00987628 /* LaunchScreen.storyboard */ = {
			isa = PBXVariantGroup;
			children = (
				5EDEDFCB24C112FA00987628 /* Base */,
			);
			name = LaunchScreen.storyboard;
			sourceTree = "<group>";
		};
/* End PBXVariantGroup section */

/* Begin XCBuildConfiguration section */
		5EDEDFCE24C112FA00987628 /* Debug */ = {
			isa = XCBuildConfiguration;
			buildSettings = {
				ALWAYS_SEARCH_USER_PATHS = NO;
				BUILD_LIBRARY_FOR_DISTRIBUTION = YES;
				CLANG_ANALYZER_NONNULL = YES;
				CLANG_ANALYZER_NUMBER_OBJECT_CONVERSION = YES_AGGRESSIVE;
				CLANG_CXX_LANGUAGE_STANDARD = "gnu++14";
				CLANG_CXX_LIBRARY = "libc++";
				CLANG_ENABLE_MODULES = YES;
				CLANG_ENABLE_OBJC_ARC = YES;
				CLANG_ENABLE_OBJC_WEAK = YES;
				CLANG_WARN_BLOCK_CAPTURE_AUTORELEASING = YES;
				CLANG_WARN_BOOL_CONVERSION = YES;
				CLANG_WARN_COMMA = YES;
				CLANG_WARN_CONSTANT_CONVERSION = YES;
				CLANG_WARN_DEPRECATED_OBJC_IMPLEMENTATIONS = YES;
				CLANG_WARN_DIRECT_OBJC_ISA_USAGE = YES_ERROR;
				CLANG_WARN_DOCUMENTATION_COMMENTS = YES;
				CLANG_WARN_EMPTY_BODY = YES;
				CLANG_WARN_ENUM_CONVERSION = YES;
				CLANG_WARN_INFINITE_RECURSION = YES;
				CLANG_WARN_INT_CONVERSION = YES;
				CLANG_WARN_NON_LITERAL_NULL_CONVERSION = YES;
				CLANG_WARN_OBJC_IMPLICIT_RETAIN_SELF = YES;
				CLANG_WARN_OBJC_LITERAL_CONVERSION = YES;
				CLANG_WARN_OBJC_ROOT_CLASS = YES_ERROR;
				CLANG_WARN_RANGE_LOOP_ANALYSIS = YES;
				CLANG_WARN_STRICT_PROTOTYPES = YES;
				CLANG_WARN_SUSPICIOUS_MOVE = YES;
				CLANG_WARN_UNGUARDED_AVAILABILITY = YES_AGGRESSIVE;
				CLANG_WARN_UNREACHABLE_CODE = YES;
				CLANG_WARN__DUPLICATE_METHOD_MATCH = YES;
				CODE_SIGN_IDENTITY = "iPhone Developer";
				COPY_PHASE_STRIP = NO;
				DEBUG_INFORMATION_FORMAT = dwarf;
				ENABLE_BITCODE = NO;
				ENABLE_STRICT_OBJC_MSGSEND = YES;
				ENABLE_TESTABILITY = YES;
				GCC_C_LANGUAGE_STANDARD = gnu11;
				GCC_DYNAMIC_NO_PIC = NO;
				GCC_NO_COMMON_BLOCKS = YES;
				GCC_OPTIMIZATION_LEVEL = 0;
				GCC_PREPROCESSOR_DEFINITIONS = (
					"DEBUG=1",
					"$(inherited)",
				);
				GCC_WARN_64_TO_32_BIT_CONVERSION = YES;
				GCC_WARN_ABOUT_RETURN_TYPE = YES_ERROR;
				GCC_WARN_UNDECLARED_SELECTOR = YES;
				GCC_WARN_UNINITIALIZED_AUTOS = YES_AGGRESSIVE;
				GCC_WARN_UNUSED_FUNCTION = YES;
				GCC_WARN_UNUSED_VARIABLE = YES;
				IPHONEOS_DEPLOYMENT_TARGET = 12.1;
				MTL_ENABLE_DEBUG_INFO = INCLUDE_SOURCE;
				MTL_FAST_MATH = YES;
				ONLY_ACTIVE_ARCH = YES;
				SDKROOT = iphoneos;
				SWIFT_ACTIVE_COMPILATION_CONDITIONS = DEBUG;
				SWIFT_OPTIMIZATION_LEVEL = "-Onone";
				SWIFT_REFLECTION_METADATA_LEVEL = none;
				SWIFT_VERSION = 5.0;
			};
			name = Debug;
		};
		5EDEDFCF24C112FA00987628 /* Release */ = {
			isa = XCBuildConfiguration;
			buildSettings = {
				ALWAYS_SEARCH_USER_PATHS = NO;
				BUILD_LIBRARY_FOR_DISTRIBUTION = YES;
				CLANG_ANALYZER_NONNULL = YES;
				CLANG_ANALYZER_NUMBER_OBJECT_CONVERSION = YES_AGGRESSIVE;
				CLANG_CXX_LANGUAGE_STANDARD = "gnu++14";
				CLANG_CXX_LIBRARY = "libc++";
				CLANG_ENABLE_MODULES = YES;
				CLANG_ENABLE_OBJC_ARC = YES;
				CLANG_ENABLE_OBJC_WEAK = YES;
				CLANG_WARN_BLOCK_CAPTURE_AUTORELEASING = YES;
				CLANG_WARN_BOOL_CONVERSION = YES;
				CLANG_WARN_COMMA = YES;
				CLANG_WARN_CONSTANT_CONVERSION = YES;
				CLANG_WARN_DEPRECATED_OBJC_IMPLEMENTATIONS = YES;
				CLANG_WARN_DIRECT_OBJC_ISA_USAGE = YES_ERROR;
				CLANG_WARN_DOCUMENTATION_COMMENTS = YES;
				CLANG_WARN_EMPTY_BODY = YES;
				CLANG_WARN_ENUM_CONVERSION = YES;
				CLANG_WARN_INFINITE_RECURSION = YES;
				CLANG_WARN_INT_CONVERSION = YES;
				CLANG_WARN_NON_LITERAL_NULL_CONVERSION = YES;
				CLANG_WARN_OBJC_IMPLICIT_RETAIN_SELF = YES;
				CLANG_WARN_OBJC_LITERAL_CONVERSION = YES;
				CLANG_WARN_OBJC_ROOT_CLASS = YES_ERROR;
				CLANG_WARN_RANGE_LOOP_ANALYSIS = YES;
				CLANG_WARN_STRICT_PROTOTYPES = YES;
				CLANG_WARN_SUSPICIOUS_MOVE = YES;
				CLANG_WARN_UNGUARDED_AVAILABILITY = YES_AGGRESSIVE;
				CLANG_WARN_UNREACHABLE_CODE = YES;
				CLANG_WARN__DUPLICATE_METHOD_MATCH = YES;
				CODE_SIGN_IDENTITY = "iPhone Developer";
				COPY_PHASE_STRIP = NO;
				DEBUG_INFORMATION_FORMAT = "dwarf-with-dsym";
				ENABLE_BITCODE = NO;
				ENABLE_NS_ASSERTIONS = NO;
				ENABLE_STRICT_OBJC_MSGSEND = YES;
				GCC_C_LANGUAGE_STANDARD = gnu11;
				GCC_NO_COMMON_BLOCKS = YES;
				GCC_WARN_64_TO_32_BIT_CONVERSION = YES;
				GCC_WARN_ABOUT_RETURN_TYPE = YES_ERROR;
				GCC_WARN_UNDECLARED_SELECTOR = YES;
				GCC_WARN_UNINITIALIZED_AUTOS = YES_AGGRESSIVE;
				GCC_WARN_UNUSED_FUNCTION = YES;
				GCC_WARN_UNUSED_VARIABLE = YES;
				IPHONEOS_DEPLOYMENT_TARGET = 12.1;
				MTL_ENABLE_DEBUG_INFO = NO;
				MTL_FAST_MATH = YES;
				SDKROOT = iphoneos;
				SWIFT_COMPILATION_MODE = wholemodule;
				SWIFT_OPTIMIZATION_LEVEL = "-O";
				SWIFT_REFLECTION_METADATA_LEVEL = none;
				SWIFT_VERSION = 5.0;
				VALIDATE_PRODUCT = YES;
			};
			name = Release;
		};
		5EDEDFD124C112FA00987628 /* Debug */ = {
			isa = XCBuildConfiguration;
			baseConfigurationReference = 53694D908BFC240628DF9D7C /* Pods-appdemo.debug.xcconfig */;
			buildSettings = {
				ASSETCATALOG_COMPILER_APPICON_NAME = AppIcon;
				BUILD_LIBRARY_FOR_DISTRIBUTION = YES;
				CODE_SIGN_ENTITLEMENTS = appdemo/appdemowalletios.entitlements;
				CODE_SIGN_STYLE = Automatic;
				DEVELOPMENT_TEAM = Z243R8VR53;
				ENABLE_BITCODE = NO;
				FRAMEWORK_SEARCH_PATHS = (
					"$(inherited)",
					"$(PROJECT_DIR)",
				);
				INFOPLIST_FILE = appdemo/Info.plist;
				IPHONEOS_DEPLOYMENT_TARGET = 12.1;
				LD_RUNPATH_SEARCH_PATHS = (
					"$(inherited)",
					"@executable_path/Frameworks",
				);
				LIBRARY_SEARCH_PATHS = (
					"$(inherited)",
					"$(PROJECT_DIR)/lib",
				);
				MARKETING_VERSION = 1.1.0;
				PRODUCT_BUNDLE_IDENTIFIER = com.phoebus.appdemowallet;
				PRODUCT_NAME = appdemowalletios;
				SWIFT_INCLUDE_PATHS = "$(inherited) $(PROJECT_DIR)/lib";
				SWIFT_REFLECTION_METADATA_LEVEL = none;
				SWIFT_VERSION = 4.2;
				TARGETED_DEVICE_FAMILY = 1;
			};
			name = Debug;
		};
		5EDEDFD224C112FA00987628 /* Release */ = {
			isa = XCBuildConfiguration;
			baseConfigurationReference = 5F8CB60813666B15044B9FE2 /* Pods-appdemo.release.xcconfig */;
			buildSettings = {
				ASSETCATALOG_COMPILER_APPICON_NAME = AppIcon;
				BUILD_LIBRARY_FOR_DISTRIBUTION = YES;
				CODE_SIGN_ENTITLEMENTS = appdemo/appdemowalletios.entitlements;
				CODE_SIGN_STYLE = Automatic;
				DEVELOPMENT_TEAM = Z243R8VR53;
				ENABLE_BITCODE = NO;
				FRAMEWORK_SEARCH_PATHS = (
					"$(inherited)",
					"$(PROJECT_DIR)",
				);
				INFOPLIST_FILE = appdemo/Info.plist;
				IPHONEOS_DEPLOYMENT_TARGET = 12.1;
				LD_RUNPATH_SEARCH_PATHS = (
					"$(inherited)",
					"@executable_path/Frameworks",
				);
				LIBRARY_SEARCH_PATHS = (
					"$(inherited)",
					"$(PROJECT_DIR)/lib",
				);
				MARKETING_VERSION = 1.1.0;
				PRODUCT_BUNDLE_IDENTIFIER = com.phoebus.appdemowallet;
				PRODUCT_NAME = appdemowalletios;
				SWIFT_INCLUDE_PATHS = "$(inherited) $(PROJECT_DIR)/lib";
				SWIFT_REFLECTION_METADATA_LEVEL = none;
				SWIFT_VERSION = 4.2;
				TARGETED_DEVICE_FAMILY = 1;
			};
			name = Release;
		};
/* End XCBuildConfiguration section */

/* Begin XCConfigurationList section */
		5EDEDFB924C112F900987628 /* Build configuration list for PBXProject "appdemo" */ = {
			isa = XCConfigurationList;
			buildConfigurations = (
				5EDEDFCE24C112FA00987628 /* Debug */,
				5EDEDFCF24C112FA00987628 /* Release */,
			);
			defaultConfigurationIsVisible = 0;
			defaultConfigurationName = Release;
		};
		5EDEDFD024C112FA00987628 /* Build configuration list for PBXNativeTarget "appdemo" */ = {
			isa = XCConfigurationList;
			buildConfigurations = (
				5EDEDFD124C112FA00987628 /* Debug */,
				5EDEDFD224C112FA00987628 /* Release */,
			);
			defaultConfigurationIsVisible = 0;
			defaultConfigurationName = Release;
		};
/* End XCConfigurationList section */
	};
	rootObject = 5EDEDFB624C112F900987628 /* Project object */;
}
